PackratFormat: 1.4
PackratVersion: 0.4.8.1
RVersion: 3.4.1
Repos: CRAN=https://cran.rstudio.com/,
    CRANextra=http://www.stats.ox.ac.uk/pub/RWin

Package: BH
Source: CRAN
Version: 1.62.0-1

Package: Formula
Source: CRAN
Version: 1.2-2

Package: Hmisc
Source: CRAN
Version: 4.0-3
Requires: Formula, acepack, base64enc, data.table, ggplot2, gridExtra,
    gtable, htmlTable, htmltools, latticeExtra, viridis

Package: R6
Source: CRAN
Version: 2.2.2

Package: RColorBrewer
Source: CRAN
Version: 1.1-2

Package: Rcpp
Source: CRAN
Version: 0.12.12

Package: acepack
Source: CRAN
Version: 1.4.1

Package: assertthat
Source: CRAN
Version: 0.2.0

Package: backports
Source: CRAN
Version: 1.1.0

Package: base64enc
Source: CRAN
Version: 0.1-3

Package: bindr
Source: CRAN
Version: 0.1

Package: bindrcpp
Source: CRAN
Version: 0.2
Requires: Rcpp, bindr, plogr

Package: bitops
Source: CRAN
Version: 1.0-6

Package: broom
Source: CRAN
Version: 0.4.2
Requires: dplyr, plyr, psych, reshape2, stringr, tidyr

Package: caTools
Source: CRAN
Version: 1.17.1
Requires: bitops

Package: cellranger
Source: CRAN
Version: 1.1.0
Requires: rematch, tibble

Package: checkmate
Source: CRAN
Version: 1.8.3
Requires: backports

Package: colorspace
Source: CRAN
Version: 1.3-2

Package: curl
Source: CRAN
Version: 2.8.1

Package: data.table
Source: CRAN
Version: 1.10.4

Package: dichromat
Source: CRAN
Version: 2.0-0

Package: digest
Source: CRAN
Version: 0.6.12
Hash: e53fb8c58673df868183697e39a6a4d6

Package: dplyr
Source: CRAN
Version: 0.7.2
Requires: BH, R6, Rcpp, assertthat, bindrcpp, glue, magrittr,
    pkgconfig, plogr, rlang, tibble

Package: evaluate
Source: CRAN
Version: 0.10.1
Requires: stringr
Hash: 54d95f4ec6d0300100413ed0127d89ae

Package: forcats
Source: CRAN
Version: 0.2.0
Requires: magrittr, tibble

Package: ggplot2
Source: CRAN
Version: 2.2.1
Requires: digest, gtable, lazyeval, plyr, reshape2, scales, tibble

Package: glue
Source: CRAN
Version: 1.1.1

Package: gridExtra
Source: CRAN
Version: 2.2.1
Requires: gtable

Package: gtable
Source: CRAN
Version: 0.2.0

Package: haven
Source: CRAN
Version: 1.1.0
Requires: Rcpp, forcats, hms, readr, tibble

Package: highr
Source: CRAN
Version: 0.6
Hash: aa3d5b7912b5fed4b546ed5cd2a1760b

Package: hms
Source: CRAN
Version: 0.3

Package: htmlTable
Source: CRAN
Version: 1.9
Requires: checkmate, htmlwidgets, knitr, magrittr, stringr

Package: htmltools
Source: CRAN
Version: 0.3.6
Requires: Rcpp, digest

Package: htmlwidgets
Source: CRAN
Version: 0.9
Requires: htmltools, jsonlite, yaml

Package: httr
Source: CRAN
Version: 1.3.1
Requires: R6, curl, jsonlite, mime, openssl

Package: jsonlite
Source: CRAN
Version: 1.5

Package: knitr
Source: CRAN
Version: 1.17
Requires: digest, evaluate, highr, markdown, stringr, yaml
Hash: f6b2bf543ee3e25f5b92bb46f9958c5f

Package: labeling
Source: CRAN
Version: 0.3

Package: latticeExtra
Source: CRAN
Version: 0.6-28
Requires: RColorBrewer

Package: lazyeval
Source: CRAN
Version: 0.2.0

Package: lubridate
Source: CRAN
Version: 1.6.0
Requires: stringr

Package: magrittr
Source: CRAN
Version: 1.5
Hash: bdc4d48c3135e8f3b399536ddf160df4

Package: markdown
Source: CRAN
Version: 0.8
Requires: mime
Hash: 045d7c594d503b41f1c28946d076c8aa

Package: mime
Source: CRAN
Version: 0.5
Hash: 463550cf44fb6f0a2359368f42eebe62

Package: mnormt
Source: CRAN
Version: 1.5-5

Package: modelr
Source: CRAN
Version: 0.1.1
Requires: broom, dplyr, lazyeval, magrittr, purrr, tibble, tidyr

Package: munsell
Source: CRAN
Version: 0.4.3
Requires: colorspace

Package: openssl
Source: CRAN
Version: 0.9.6

Package: packrat
Source: CRAN
Version: 0.4.8-1
Hash: 6ad605ba7b4b476d84be6632393f5765

Package: pkgconfig
Source: CRAN
Version: 2.0.1

Package: plogr
Source: CRAN
Version: 0.1-1

Package: plyr
Source: CRAN
Version: 1.8.4
Requires: Rcpp

Package: psych
Source: CRAN
Version: 1.7.5
Requires: mnormt

Package: purrr
Source: CRAN
Version: 0.2.3
Requires: magrittr, rlang, tibble

Package: readr
Source: CRAN
Version: 1.1.1
Requires: BH, R6, Rcpp, hms, tibble

Package: readxl
Source: CRAN
Version: 1.0.0
Requires: Rcpp, cellranger, tibble

Package: rematch
Source: CRAN
Version: 1.0.1

Package: reshape2
Source: CRAN
Version: 1.4.2
Requires: Rcpp, plyr, stringr

Package: rlang
Source: CRAN
Version: 0.1.2

Package: rmarkdown
Source: CRAN
Version: 1.6
Requires: base64enc, caTools, evaluate, htmltools, jsonlite, knitr,
    rprojroot, stringr, yaml

Package: rprojroot
Source: CRAN
Version: 1.2
Requires: backports

Package: rvest
Source: CRAN
Version: 0.3.2
Requires: httr, magrittr, selectr, xml2

Package: scales
Source: CRAN
Version: 0.4.1
Requires: RColorBrewer, Rcpp, dichromat, labeling, munsell, plyr

Package: selectr
Source: CRAN
Version: 0.3-1
Requires: stringr

Package: stringi
Source: CRAN
Version: 1.1.5
Hash: b6308e49357a0b475f433599e0d8b5eb

Package: stringr
Source: CRAN
Version: 1.2.0
Requires: magrittr, stringi
Hash: 25a86d7f410513ebb7c0bc6a5e16bdc3

Package: tibble
Source: CRAN
Version: 1.3.4
Requires: Rcpp, rlang

Package: tidyr
Source: CRAN
Version: 0.7.0
Requires: Rcpp, dplyr, glue, magrittr, purrr, rlang, stringi, tibble,
    tidyselect

Package: tidyselect
Source: CRAN
Version: 0.1.1
Requires: Rcpp, glue, rlang

Package: tidyverse
Source: CRAN
Version: 1.1.1
Requires: broom, dplyr, forcats, ggplot2, haven, hms, httr, jsonlite,
    lubridate, magrittr, modelr, purrr, readr, readxl, rvest, stringr,
    tibble, tidyr, xml2

Package: viridis
Source: CRAN
Version: 0.4.0
Requires: ggplot2, gridExtra, viridisLite

Package: viridisLite
Source: CRAN
Version: 0.2.0

Package: xml2
Source: CRAN
Version: 1.1.1
Requires: BH, Rcpp

Package: yaml
Source: CRAN
Version: 2.1.14
Hash: c81230c3a7d9ba20607ad6b4331173d1
